
Microsoft Visual Studio Solution File, Format Version 12.00
# Visual Studio Version 17
VisualStudioVersion = 17.11.35327.3
MinimumVisualStudioVersion = 10.0.40219.1
Project("{2150E333-8FDC-42A3-9474-1A3956D46DE8}") = "src", "src", "{DF19D8D9-8C1D-42C7-A8C8-A28DA74E78A5}"
EndProject
Project("{2150E333-8FDC-42A3-9474-1A3956D46DE8}") = "tests", "tests", "{BEDE8491-E60B-47F1-8638-53A97491FBD7}"
EndProject
Project("{FAE04EC0-301F-11D3-BF4B-00C04F79EFBC}") = "NoobGGApp.Domain", "src\NoobGGApp.Domain\NoobGGApp.Domain.csproj", "{48DC97D3-E97C-4D43-8BC2-B38EEE1386F5}"
EndProject
Global
	GlobalSection(SolutionConfigurationPlatforms) = preSolution
		Debug|Any CPU = Debug|Any CPU
		Release|Any CPU = Release|Any CPU
	EndGlobalSection
	GlobalSection(ProjectConfigurationPlatforms) = postSolution
		{48DC97D3-E97C-4D43-8BC2-B38EEE1386F5}.Debug|Any CPU.ActiveCfg = Debug|Any CPU
		{48DC97D3-E97C-4D43-8BC2-B38EEE1386F5}.Debug|Any CPU.Build.0 = Debug|Any CPU
		{48DC97D3-E97C-4D43-8BC2-B38EEE1386F5}.Release|Any CPU.ActiveCfg = Release|Any CPU
		{48DC97D3-E97C-4D43-8BC2-B38EEE1386F5}.Release|Any CPU.Build.0 = Release|Any CPU
	EndGlobalSection
	GlobalSection(SolutionProperties) = preSolution
		HideSolutionNode = FALSE
	EndGlobalSection
	GlobalSection(NestedProjects) = preSolution
		{48DC97D3-E97C-4D43-8BC2-B38EEE1386F5} = {DF19D8D9-8C1D-42C7-A8C8-A28DA74E78A5}
	EndGlobalSection
	GlobalSection(ExtensibilityGlobals) = postSolution
		SolutionGuid = {FE7E9954-AD40-44B4-8C88-EA1233CDDAF6}
	EndGlobalSection
EndGlobal
